// !$*UTF8*$!
{
	archiveVersion = 1;
	classes = {
	};
	objectVersion = 50;
	objects = {

/* Begin PBXBuildFile section */
		3F033A6924C31DCD0011A458 /* Date+Year.swift in Sources */ = {isa = PBXBuildFile; fileRef = 3F033A6724C31D670011A458 /* Date+Year.swift */; };
		3F033A6B24C31DEC0011A458 /* Date+Year.swift in Sources */ = {isa = PBXBuildFile; fileRef = 3F033A6A24C31DEC0011A458 /* Date+Year.swift */; };
		3F39D30724AEECA10097900E /* LaunchFetcherTests.swift in Sources */ = {isa = PBXBuildFile; fileRef = 3F39D30624AEECA10097900E /* LaunchFetcherTests.swift */; };
		3F39D30924AEEF810097900E /* LaunchFetcher.swift in Sources */ = {isa = PBXBuildFile; fileRef = 3F39D30824AEEF810097900E /* LaunchFetcher.swift */; };
		3F39D30A24AEF1740097900E /* past_launches.json in Resources */ = {isa = PBXBuildFile; fileRef = 3FA1FAD724AC0A46000125D9 /* past_launches.json */; };
		3F39D30C24B08F2F0097900E /* UIKitLauchListViewController.swift in Sources */ = {isa = PBXBuildFile; fileRef = 3F39D30B24B08F2F0097900E /* UIKitLauchListViewController.swift */; };
		3F39D30E24B091370097900E /* UIViewController+SyntaxSugar.swift in Sources */ = {isa = PBXBuildFile; fileRef = 3F39D30D24B091370097900E /* UIViewController+SyntaxSugar.swift */; };
		3F39D31324B09C600097900E /* NSLayoutConstraint+SyntaxSugar.swift in Sources */ = {isa = PBXBuildFile; fileRef = 3F39D31224B09C600097900E /* NSLayoutConstraint+SyntaxSugar.swift */; };
		3F39D31524B09FBA0097900E /* Collection+SafeAccess.swift in Sources */ = {isa = PBXBuildFile; fileRef = 3F39D31424B09FBA0097900E /* Collection+SafeAccess.swift */; };
		3F39D31724B0A0E30097900E /* LaunchFetcher+UITableViewDataSourceTests.swift in Sources */ = {isa = PBXBuildFile; fileRef = 3F39D31624B0A0E30097900E /* LaunchFetcher+UITableViewDataSourceTests.swift */; };
		3F39D31924B0A5E80097900E /* LaunchFetcher+UITableViewDataSource.swift in Sources */ = {isa = PBXBuildFile; fileRef = 3F39D31824B0A5E80097900E /* LaunchFetcher+UITableViewDataSource.swift */; };
		3F39D31B24B1E0330097900E /* LaunchJSONFixture.swift in Sources */ = {isa = PBXBuildFile; fileRef = 3F39D31A24B1E0330097900E /* LaunchJSONFixture.swift */; };
		3F39D31D24B1F44A0097900E /* GroupLaunchesIntoSectionsTests.swift in Sources */ = {isa = PBXBuildFile; fileRef = 3F39D31C24B1F44A0097900E /* GroupLaunchesIntoSectionsTests.swift */; };
		3F39D31F24B203EA0097900E /* GroupLaunchesIntoSections.swift in Sources */ = {isa = PBXBuildFile; fileRef = 3F39D31E24B203EA0097900E /* GroupLaunchesIntoSections.swift */; };
		3F39D32124B2C4860097900E /* SectionSource.swift in Sources */ = {isa = PBXBuildFile; fileRef = 3F39D32024B2C4860097900E /* SectionSource.swift */; };
		3F3A1A3C253633E000FEC663 /* AppViewModel.swift in Sources */ = {isa = PBXBuildFile; fileRef = 3F3A1A3B253633E000FEC663 /* AppViewModel.swift */; };
		3F3A1A482536392600FEC663 /* LaunchesListViewModel.swift in Sources */ = {isa = PBXBuildFile; fileRef = 3F3A1A472536392600FEC663 /* LaunchesListViewModel.swift */; };
		3F3A1A692537FF6800FEC663 /* FavoritesController.swift in Sources */ = {isa = PBXBuildFile; fileRef = 3F3A1A682537FF6800FEC663 /* FavoritesController.swift */; };
		3F3A1A6F2538008B00FEC663 /* LaunchDetailViewModel.swift in Sources */ = {isa = PBXBuildFile; fileRef = 3F3A1A6E2538008B00FEC663 /* LaunchDetailViewModel.swift */; };
		3F3A1A7525380C5B00FEC663 /* FavoritesList.swift in Sources */ = {isa = PBXBuildFile; fileRef = 3F3A1A7425380C5B00FEC663 /* FavoritesList.swift */; };
		3F3A1A7B25380C7600FEC663 /* FavoritesListViewModel.swift in Sources */ = {isa = PBXBuildFile; fileRef = 3F3A1A7A25380C7600FEC663 /* FavoritesListViewModel.swift */; };
		3F3A1A932538117100FEC663 /* FavoritesStoring.swift in Sources */ = {isa = PBXBuildFile; fileRef = 3F3A1A922538117100FEC663 /* FavoritesStoring.swift */; };
		3F3A1A992538119100FEC663 /* InMemoryFavoritesStore.swift in Sources */ = {isa = PBXBuildFile; fileRef = 3F3A1A982538119100FEC663 /* InMemoryFavoritesStore.swift */; };
		3F43515F24A8C0CE0029F1E5 /* AppDelegate.swift in Sources */ = {isa = PBXBuildFile; fileRef = 3F43515E24A8C0CE0029F1E5 /* AppDelegate.swift */; };
		3F43516124A8C0CE0029F1E5 /* SceneDelegate.swift in Sources */ = {isa = PBXBuildFile; fileRef = 3F43516024A8C0CE0029F1E5 /* SceneDelegate.swift */; };
		3F43516324A8C0CE0029F1E5 /* Views.swift in Sources */ = {isa = PBXBuildFile; fileRef = 3F43516224A8C0CE0029F1E5 /* Views.swift */; };
		3F43516524A8C0D10029F1E5 /* Assets.xcassets in Resources */ = {isa = PBXBuildFile; fileRef = 3F43516424A8C0D10029F1E5 /* Assets.xcassets */; };
		3F43516824A8C0D10029F1E5 /* Preview Assets.xcassets in Resources */ = {isa = PBXBuildFile; fileRef = 3F43516724A8C0D10029F1E5 /* Preview Assets.xcassets */; };
		3F43516B24A8C0D10029F1E5 /* LaunchScreen.storyboard in Resources */ = {isa = PBXBuildFile; fileRef = 3F43516924A8C0D10029F1E5 /* LaunchScreen.storyboard */; };
		3F74DDB8251A146C00D38EBB /* LaunchDetailViewModelTests.swift in Sources */ = {isa = PBXBuildFile; fileRef = 3F74DDB7251A146C00D38EBB /* LaunchDetailViewModelTests.swift */; };
		3FA1FACE24AC08A9000125D9 /* SpaceXerTests.swift in Sources */ = {isa = PBXBuildFile; fileRef = 3FA1FACD24AC08A9000125D9 /* SpaceXerTests.swift */; };
		3FA1FAD624AC08E0000125D9 /* LaunchTests.swift in Sources */ = {isa = PBXBuildFile; fileRef = 3FA1FAD524AC08E0000125D9 /* LaunchTests.swift */; };
		3FA1FAD824AC0A46000125D9 /* past_launches.json in Resources */ = {isa = PBXBuildFile; fileRef = 3FA1FAD724AC0A46000125D9 /* past_launches.json */; };
		3FA1FADA24AC0BAE000125D9 /* Launch.swift in Sources */ = {isa = PBXBuildFile; fileRef = 3FA1FAD924AC0BAE000125D9 /* Launch.swift */; };
		3FC45DAE24E946150081BD5D /* Collection+SafeAccessTests.swift in Sources */ = {isa = PBXBuildFile; fileRef = 3FC45DAD24E946150081BD5D /* Collection+SafeAccessTests.swift */; };
		3FC8243424E15B6100ED7A98 /* LaunchesListContainerViewModel.swift in Sources */ = {isa = PBXBuildFile; fileRef = 3FC8243324E15B6100ED7A98 /* LaunchesListContainerViewModel.swift */; };
		3FC8243624E15BF200ED7A98 /* RemoteData.swift in Sources */ = {isa = PBXBuildFile; fileRef = 3FC8243524E15BF200ED7A98 /* RemoteData.swift */; };
		3FC8243F24E1624000ED7A98 /* LoadableViewModel.swift in Sources */ = {isa = PBXBuildFile; fileRef = 3FC8243E24E1624000ED7A98 /* LoadableViewModel.swift */; };
		3FC8244324E2238F00ED7A98 /* NetworkFetching.swift in Sources */ = {isa = PBXBuildFile; fileRef = 3FC8244224E2238F00ED7A98 /* NetworkFetching.swift */; };
		3FC8244724E2242300ED7A98 /* NetworkFetchingStub.swift in Sources */ = {isa = PBXBuildFile; fileRef = 3FC8244624E2242300ED7A98 /* NetworkFetchingStub.swift */; };
		3FDD0D7224E55B5900F91E79 /* LaunchListContainerViewModelTests.swift in Sources */ = {isa = PBXBuildFile; fileRef = 3FDD0D7124E55B5900F91E79 /* LaunchListContainerViewModelTests.swift */; };
		3FDD0D7424E605A600F91E79 /* LaunchesFetching.swift in Sources */ = {isa = PBXBuildFile; fileRef = 3FDD0D7324E605A600F91E79 /* LaunchesFetching.swift */; };
		3FDD0D7824E6AC5300F91E79 /* XCTestCase+Combine.swift in Sources */ = {isa = PBXBuildFile; fileRef = 3FDD0D7724E6AC5300F91E79 /* XCTestCase+Combine.swift */; };
		3FDD0D8424E94CA000F91E79 /* FileSystemLaunchesFetcher.swift in Sources */ = {isa = PBXBuildFile; fileRef = 3FDD0D8324E94CA000F91E79 /* FileSystemLaunchesFetcher.swift */; };
		3FDD0D8624E9511400F91E79 /* FileSystemLaunchesFetcherTests.swift in Sources */ = {isa = PBXBuildFile; fileRef = 3FDD0D8524E9511400F91E79 /* FileSystemLaunchesFetcherTests.swift */; };
		3FDD0D8824E9575700F91E79 /* UINavigationController+SyntaxSugar.swift in Sources */ = {isa = PBXBuildFile; fileRef = 3FDD0D8724E9575700F91E79 /* UINavigationController+SyntaxSugar.swift */; };
		3FF77DB524E4BAFC00CC728A /* NetworkFetchingTests.swift in Sources */ = {isa = PBXBuildFile; fileRef = 3FF77DB424E4BAFC00CC728A /* NetworkFetchingTests.swift */; };
		3FF77DB724E4BF3200CC728A /* NetworkFetching+URLSession.swift in Sources */ = {isa = PBXBuildFile; fileRef = 3FF77DB624E4BF3200CC728A /* NetworkFetching+URLSession.swift */; };
/* End PBXBuildFile section */

/* Begin PBXContainerItemProxy section */
		3FA1FAD024AC08A9000125D9 /* PBXContainerItemProxy */ = {
			isa = PBXContainerItemProxy;
			containerPortal = 3F43515324A8C0CE0029F1E5 /* Project object */;
			proxyType = 1;
			remoteGlobalIDString = 3F43515A24A8C0CE0029F1E5;
			remoteInfo = SpaceXer;
		};
/* End PBXContainerItemProxy section */

/* Begin PBXFileReference section */
		3F033A6724C31D670011A458 /* Date+Year.swift */ = {isa = PBXFileReference; lastKnownFileType = sourcecode.swift; path = "Date+Year.swift"; sourceTree = "<group>"; };
		3F033A6A24C31DEC0011A458 /* Date+Year.swift */ = {isa = PBXFileReference; lastKnownFileType = sourcecode.swift; path = "Date+Year.swift"; sourceTree = "<group>"; };
		3F39D30624AEECA10097900E /* LaunchFetcherTests.swift */ = {isa = PBXFileReference; lastKnownFileType = sourcecode.swift; path = LaunchFetcherTests.swift; sourceTree = "<group>"; };
		3F39D30824AEEF810097900E /* LaunchFetcher.swift */ = {isa = PBXFileReference; lastKnownFileType = sourcecode.swift; path = LaunchFetcher.swift; sourceTree = "<group>"; };
		3F39D30B24B08F2F0097900E /* UIKitLauchListViewController.swift */ = {isa = PBXFileReference; lastKnownFileType = sourcecode.swift; path = UIKitLauchListViewController.swift; sourceTree = "<group>"; };
		3F39D30D24B091370097900E /* UIViewController+SyntaxSugar.swift */ = {isa = PBXFileReference; lastKnownFileType = sourcecode.swift; path = "UIViewController+SyntaxSugar.swift"; sourceTree = "<group>"; };
		3F39D31224B09C600097900E /* NSLayoutConstraint+SyntaxSugar.swift */ = {isa = PBXFileReference; lastKnownFileType = sourcecode.swift; path = "NSLayoutConstraint+SyntaxSugar.swift"; sourceTree = "<group>"; };
		3F39D31424B09FBA0097900E /* Collection+SafeAccess.swift */ = {isa = PBXFileReference; lastKnownFileType = sourcecode.swift; path = "Collection+SafeAccess.swift"; sourceTree = "<group>"; };
		3F39D31624B0A0E30097900E /* LaunchFetcher+UITableViewDataSourceTests.swift */ = {isa = PBXFileReference; lastKnownFileType = sourcecode.swift; path = "LaunchFetcher+UITableViewDataSourceTests.swift"; sourceTree = "<group>"; };
		3F39D31824B0A5E80097900E /* LaunchFetcher+UITableViewDataSource.swift */ = {isa = PBXFileReference; lastKnownFileType = sourcecode.swift; path = "LaunchFetcher+UITableViewDataSource.swift"; sourceTree = "<group>"; };
		3F39D31A24B1E0330097900E /* LaunchJSONFixture.swift */ = {isa = PBXFileReference; lastKnownFileType = sourcecode.swift; path = LaunchJSONFixture.swift; sourceTree = "<group>"; };
		3F39D31C24B1F44A0097900E /* GroupLaunchesIntoSectionsTests.swift */ = {isa = PBXFileReference; lastKnownFileType = sourcecode.swift; path = GroupLaunchesIntoSectionsTests.swift; sourceTree = "<group>"; };
		3F39D31E24B203EA0097900E /* GroupLaunchesIntoSections.swift */ = {isa = PBXFileReference; lastKnownFileType = sourcecode.swift; path = GroupLaunchesIntoSections.swift; sourceTree = "<group>"; };
		3F39D32024B2C4860097900E /* SectionSource.swift */ = {isa = PBXFileReference; lastKnownFileType = sourcecode.swift; path = SectionSource.swift; sourceTree = "<group>"; };
		3F3A1A3B253633E000FEC663 /* AppViewModel.swift */ = {isa = PBXFileReference; lastKnownFileType = sourcecode.swift; path = AppViewModel.swift; sourceTree = "<group>"; };
		3F3A1A472536392600FEC663 /* LaunchesListViewModel.swift */ = {isa = PBXFileReference; lastKnownFileType = sourcecode.swift; path = LaunchesListViewModel.swift; sourceTree = "<group>"; };
		3F3A1A682537FF6800FEC663 /* FavoritesController.swift */ = {isa = PBXFileReference; lastKnownFileType = sourcecode.swift; path = FavoritesController.swift; sourceTree = "<group>"; };
		3F3A1A6E2538008B00FEC663 /* LaunchDetailViewModel.swift */ = {isa = PBXFileReference; lastKnownFileType = sourcecode.swift; path = LaunchDetailViewModel.swift; sourceTree = "<group>"; };
		3F3A1A7425380C5B00FEC663 /* FavoritesList.swift */ = {isa = PBXFileReference; lastKnownFileType = sourcecode.swift; path = FavoritesList.swift; sourceTree = "<group>"; };
		3F3A1A7A25380C7600FEC663 /* FavoritesListViewModel.swift */ = {isa = PBXFileReference; lastKnownFileType = sourcecode.swift; path = FavoritesListViewModel.swift; sourceTree = "<group>"; };
		3F3A1A922538117100FEC663 /* FavoritesStoring.swift */ = {isa = PBXFileReference; lastKnownFileType = sourcecode.swift; path = FavoritesStoring.swift; sourceTree = "<group>"; };
		3F3A1A982538119100FEC663 /* InMemoryFavoritesStore.swift */ = {isa = PBXFileReference; lastKnownFileType = sourcecode.swift; path = InMemoryFavoritesStore.swift; sourceTree = "<group>"; };
		3F43515B24A8C0CE0029F1E5 /* SpaceXer.app */ = {isa = PBXFileReference; explicitFileType = wrapper.application; includeInIndex = 0; path = SpaceXer.app; sourceTree = BUILT_PRODUCTS_DIR; };
		3F43515E24A8C0CE0029F1E5 /* AppDelegate.swift */ = {isa = PBXFileReference; lastKnownFileType = sourcecode.swift; path = AppDelegate.swift; sourceTree = "<group>"; };
		3F43516024A8C0CE0029F1E5 /* SceneDelegate.swift */ = {isa = PBXFileReference; lastKnownFileType = sourcecode.swift; path = SceneDelegate.swift; sourceTree = "<group>"; };
		3F43516224A8C0CE0029F1E5 /* Views.swift */ = {isa = PBXFileReference; lastKnownFileType = sourcecode.swift; path = Views.swift; sourceTree = "<group>"; };
		3F43516424A8C0D10029F1E5 /* Assets.xcassets */ = {isa = PBXFileReference; lastKnownFileType = folder.assetcatalog; path = Assets.xcassets; sourceTree = "<group>"; };
		3F43516724A8C0D10029F1E5 /* Preview Assets.xcassets */ = {isa = PBXFileReference; lastKnownFileType = folder.assetcatalog; path = "Preview Assets.xcassets"; sourceTree = "<group>"; };
		3F43516A24A8C0D10029F1E5 /* Base */ = {isa = PBXFileReference; lastKnownFileType = file.storyboard; name = Base; path = Base.lproj/LaunchScreen.storyboard; sourceTree = "<group>"; };
		3F43516C24A8C0D10029F1E5 /* Info.plist */ = {isa = PBXFileReference; lastKnownFileType = text.plist.xml; path = Info.plist; sourceTree = "<group>"; };
		3F74DDB7251A146C00D38EBB /* LaunchDetailViewModelTests.swift */ = {isa = PBXFileReference; lastKnownFileType = sourcecode.swift; path = LaunchDetailViewModelTests.swift; sourceTree = "<group>"; };
		3FA1FACB24AC08A9000125D9 /* SpaceXerTests.xctest */ = {isa = PBXFileReference; explicitFileType = wrapper.cfbundle; includeInIndex = 0; path = SpaceXerTests.xctest; sourceTree = BUILT_PRODUCTS_DIR; };
		3FA1FACD24AC08A9000125D9 /* SpaceXerTests.swift */ = {isa = PBXFileReference; lastKnownFileType = sourcecode.swift; path = SpaceXerTests.swift; sourceTree = "<group>"; };
		3FA1FACF24AC08A9000125D9 /* Info.plist */ = {isa = PBXFileReference; lastKnownFileType = text.plist.xml; path = Info.plist; sourceTree = "<group>"; };
		3FA1FAD524AC08E0000125D9 /* LaunchTests.swift */ = {isa = PBXFileReference; lastKnownFileType = sourcecode.swift; path = LaunchTests.swift; sourceTree = "<group>"; };
		3FA1FAD724AC0A46000125D9 /* past_launches.json */ = {isa = PBXFileReference; fileEncoding = 4; lastKnownFileType = text.json; path = past_launches.json; sourceTree = "<group>"; };
		3FA1FAD924AC0BAE000125D9 /* Launch.swift */ = {isa = PBXFileReference; lastKnownFileType = sourcecode.swift; path = Launch.swift; sourceTree = "<group>"; };
		3FC45DAD24E946150081BD5D /* Collection+SafeAccessTests.swift */ = {isa = PBXFileReference; lastKnownFileType = sourcecode.swift; path = "Collection+SafeAccessTests.swift"; sourceTree = "<group>"; };
		3FC8243324E15B6100ED7A98 /* LaunchesListContainerViewModel.swift */ = {isa = PBXFileReference; lastKnownFileType = sourcecode.swift; path = LaunchesListContainerViewModel.swift; sourceTree = "<group>"; };
		3FC8243524E15BF200ED7A98 /* RemoteData.swift */ = {isa = PBXFileReference; lastKnownFileType = sourcecode.swift; path = RemoteData.swift; sourceTree = "<group>"; };
		3FC8243E24E1624000ED7A98 /* LoadableViewModel.swift */ = {isa = PBXFileReference; lastKnownFileType = sourcecode.swift; path = LoadableViewModel.swift; sourceTree = "<group>"; };
		3FC8244224E2238F00ED7A98 /* NetworkFetching.swift */ = {isa = PBXFileReference; lastKnownFileType = sourcecode.swift; path = NetworkFetching.swift; sourceTree = "<group>"; };
		3FC8244624E2242300ED7A98 /* NetworkFetchingStub.swift */ = {isa = PBXFileReference; fileEncoding = 4; lastKnownFileType = sourcecode.swift; path = NetworkFetchingStub.swift; sourceTree = "<group>"; };
		3FDD0D7124E55B5900F91E79 /* LaunchListContainerViewModelTests.swift */ = {isa = PBXFileReference; lastKnownFileType = sourcecode.swift; path = LaunchListContainerViewModelTests.swift; sourceTree = "<group>"; };
		3FDD0D7324E605A600F91E79 /* LaunchesFetching.swift */ = {isa = PBXFileReference; lastKnownFileType = sourcecode.swift; path = LaunchesFetching.swift; sourceTree = "<group>"; };
		3FDD0D7724E6AC5300F91E79 /* XCTestCase+Combine.swift */ = {isa = PBXFileReference; lastKnownFileType = sourcecode.swift; path = "XCTestCase+Combine.swift"; sourceTree = "<group>"; };
		3FDD0D8324E94CA000F91E79 /* FileSystemLaunchesFetcher.swift */ = {isa = PBXFileReference; lastKnownFileType = sourcecode.swift; path = FileSystemLaunchesFetcher.swift; sourceTree = "<group>"; };
		3FDD0D8524E9511400F91E79 /* FileSystemLaunchesFetcherTests.swift */ = {isa = PBXFileReference; lastKnownFileType = sourcecode.swift; path = FileSystemLaunchesFetcherTests.swift; sourceTree = "<group>"; };
		3FDD0D8724E9575700F91E79 /* UINavigationController+SyntaxSugar.swift */ = {isa = PBXFileReference; lastKnownFileType = sourcecode.swift; path = "UINavigationController+SyntaxSugar.swift"; sourceTree = "<group>"; };
		3FF77DB424E4BAFC00CC728A /* NetworkFetchingTests.swift */ = {isa = PBXFileReference; lastKnownFileType = sourcecode.swift; path = NetworkFetchingTests.swift; sourceTree = "<group>"; };
		3FF77DB624E4BF3200CC728A /* NetworkFetching+URLSession.swift */ = {isa = PBXFileReference; lastKnownFileType = sourcecode.swift; path = "NetworkFetching+URLSession.swift"; sourceTree = "<group>"; };
/* End PBXFileReference section */

/* Begin PBXFrameworksBuildPhase section */
		3F43515824A8C0CE0029F1E5 /* Frameworks */ = {
			isa = PBXFrameworksBuildPhase;
			buildActionMask = 2147483647;
			files = (
			);
			runOnlyForDeploymentPostprocessing = 0;
		};
		3FA1FAC824AC08A9000125D9 /* Frameworks */ = {
			isa = PBXFrameworksBuildPhase;
			buildActionMask = 2147483647;
			files = (
			);
			runOnlyForDeploymentPostprocessing = 0;
		};
/* End PBXFrameworksBuildPhase section */

/* Begin PBXGroup section */
		3F43515224A8C0CE0029F1E5 = {
			isa = PBXGroup;
			children = (
				3F43515C24A8C0CE0029F1E5 /* Products */,
				3F43515D24A8C0CE0029F1E5 /* SpaceXer */,
				3FA1FACC24AC08A9000125D9 /* SpaceXerTests */,
			);
			sourceTree = "<group>";
		};
		3F43515C24A8C0CE0029F1E5 /* Products */ = {
			isa = PBXGroup;
			children = (
				3F43515B24A8C0CE0029F1E5 /* SpaceXer.app */,
				3FA1FACB24AC08A9000125D9 /* SpaceXerTests.xctest */,
			);
			name = Products;
			sourceTree = "<group>";
		};
		3F43515D24A8C0CE0029F1E5 /* SpaceXer */ = {
			isa = PBXGroup;
			children = (
				3F43515E24A8C0CE0029F1E5 /* AppDelegate.swift */,
				3F3A1A3B253633E000FEC663 /* AppViewModel.swift */,
				3F43516424A8C0D10029F1E5 /* Assets.xcassets */,
				3F39D31424B09FBA0097900E /* Collection+SafeAccess.swift */,
				3F033A6A24C31DEC0011A458 /* Date+Year.swift */,
				3F3A1A682537FF6800FEC663 /* FavoritesController.swift */,
				3F3A1A7425380C5B00FEC663 /* FavoritesList.swift */,
				3F3A1A7A25380C7600FEC663 /* FavoritesListViewModel.swift */,
				3F3A1A922538117100FEC663 /* FavoritesStoring.swift */,
				3FDD0D8324E94CA000F91E79 /* FileSystemLaunchesFetcher.swift */,
				3F39D31E24B203EA0097900E /* GroupLaunchesIntoSections.swift */,
				3F3A1A982538119100FEC663 /* InMemoryFavoritesStore.swift */,
				3F43516C24A8C0D10029F1E5 /* Info.plist */,
				3FA1FAD924AC0BAE000125D9 /* Launch.swift */,
				3F3A1A6E2538008B00FEC663 /* LaunchDetailViewModel.swift */,
				3F39D31824B0A5E80097900E /* LaunchFetcher+UITableViewDataSource.swift */,
				3F39D30824AEEF810097900E /* LaunchFetcher.swift */,
				3F43516924A8C0D10029F1E5 /* LaunchScreen.storyboard */,
				3FDD0D7324E605A600F91E79 /* LaunchesFetching.swift */,
				3FC8243324E15B6100ED7A98 /* LaunchesListContainerViewModel.swift */,
				3F3A1A472536392600FEC663 /* LaunchesListViewModel.swift */,
				3FC8243E24E1624000ED7A98 /* LoadableViewModel.swift */,
				3F39D31224B09C600097900E /* NSLayoutConstraint+SyntaxSugar.swift */,
				3FF77DB624E4BF3200CC728A /* NetworkFetching+URLSession.swift */,
				3FC8244224E2238F00ED7A98 /* NetworkFetching.swift */,
				3F43516624A8C0D10029F1E5 /* Preview Content */,
				3FC8243524E15BF200ED7A98 /* RemoteData.swift */,
				3F43516024A8C0CE0029F1E5 /* SceneDelegate.swift */,
				3F39D32024B2C4860097900E /* SectionSource.swift */,
				3F39D30B24B08F2F0097900E /* UIKitLauchListViewController.swift */,
				3FDD0D8724E9575700F91E79 /* UINavigationController+SyntaxSugar.swift */,
				3F39D30D24B091370097900E /* UIViewController+SyntaxSugar.swift */,
				3F43516224A8C0CE0029F1E5 /* Views.swift */,
			);
			path = SpaceXer;
			sourceTree = "<group>";
		};
		3F43516624A8C0D10029F1E5 /* Preview Content */ = {
			isa = PBXGroup;
			children = (
				3F43516724A8C0D10029F1E5 /* Preview Assets.xcassets */,
			);
			path = "Preview Content";
			sourceTree = "<group>";
		};
		3FA1FACC24AC08A9000125D9 /* SpaceXerTests */ = {
			isa = PBXGroup;
			children = (
				3FC45DAD24E946150081BD5D /* Collection+SafeAccessTests.swift */,
				3F033A6724C31D670011A458 /* Date+Year.swift */,
				3FDD0D8524E9511400F91E79 /* FileSystemLaunchesFetcherTests.swift */,
				3F39D31C24B1F44A0097900E /* GroupLaunchesIntoSectionsTests.swift */,
				3FA1FACF24AC08A9000125D9 /* Info.plist */,
				3F74DDB7251A146C00D38EBB /* LaunchDetailViewModelTests.swift */,
				3F39D31624B0A0E30097900E /* LaunchFetcher+UITableViewDataSourceTests.swift */,
				3F39D30624AEECA10097900E /* LaunchFetcherTests.swift */,
				3F39D31A24B1E0330097900E /* LaunchJSONFixture.swift */,
				3FDD0D7124E55B5900F91E79 /* LaunchListContainerViewModelTests.swift */,
				3FA1FAD524AC08E0000125D9 /* LaunchTests.swift */,
				3FC8244624E2242300ED7A98 /* NetworkFetchingStub.swift */,
				3FF77DB424E4BAFC00CC728A /* NetworkFetchingTests.swift */,
				3FA1FACD24AC08A9000125D9 /* SpaceXerTests.swift */,
				3FDD0D7724E6AC5300F91E79 /* XCTestCase+Combine.swift */,
				3FA1FAD724AC0A46000125D9 /* past_launches.json */,
			);
			path = SpaceXerTests;
			sourceTree = "<group>";
		};
/* End PBXGroup section */

/* Begin PBXNativeTarget section */
		3F43515A24A8C0CE0029F1E5 /* SpaceXer */ = {
			isa = PBXNativeTarget;
			buildConfigurationList = 3F43517A24A8C0D10029F1E5 /* Build configuration list for PBXNativeTarget "SpaceXer" */;
			buildPhases = (
				3F43515724A8C0CE0029F1E5 /* Sources */,
				3F43515824A8C0CE0029F1E5 /* Frameworks */,
				3F43515924A8C0CE0029F1E5 /* Resources */,
				3F39D30F24B094A90097900E /* Run SwiftLint */,
				3F87442924F5DD8C001E0BAD /* Sort Project */,
			);
			buildRules = (
			);
			dependencies = (
			);
			name = SpaceXer;
			productName = SpaceXer;
			productReference = 3F43515B24A8C0CE0029F1E5 /* SpaceXer.app */;
			productType = "com.apple.product-type.application";
		};
		3FA1FACA24AC08A9000125D9 /* SpaceXerTests */ = {
			isa = PBXNativeTarget;
			buildConfigurationList = 3FA1FAD224AC08A9000125D9 /* Build configuration list for PBXNativeTarget "SpaceXerTests" */;
			buildPhases = (
				3FA1FAC724AC08A9000125D9 /* Sources */,
				3FA1FAC824AC08A9000125D9 /* Frameworks */,
				3FA1FAC924AC08A9000125D9 /* Resources */,
			);
			buildRules = (
			);
			dependencies = (
				3FA1FAD124AC08A9000125D9 /* PBXTargetDependency */,
			);
			name = SpaceXerTests;
			productName = SpaceXerTests;
			productReference = 3FA1FACB24AC08A9000125D9 /* SpaceXerTests.xctest */;
			productType = "com.apple.product-type.bundle.unit-test";
		};
/* End PBXNativeTarget section */

/* Begin PBXProject section */
		3F43515324A8C0CE0029F1E5 /* Project object */ = {
			isa = PBXProject;
			attributes = {
				LastSwiftUpdateCheck = 1200;
				LastUpgradeCheck = 1200;
				ORGANIZATIONNAME = mokagio;
				TargetAttributes = {
					3F43515A24A8C0CE0029F1E5 = {
						CreatedOnToolsVersion = 11.5;
					};
					3FA1FACA24AC08A9000125D9 = {
						CreatedOnToolsVersion = 12.0;
						TestTargetID = 3F43515A24A8C0CE0029F1E5;
					};
				};
			};
			buildConfigurationList = 3F43515624A8C0CE0029F1E5 /* Build configuration list for PBXProject "SpaceXer" */;
			compatibilityVersion = "Xcode 9.3";
			developmentRegion = en;
			hasScannedForEncodings = 0;
			knownRegions = (
				en,
				Base,
			);
			mainGroup = 3F43515224A8C0CE0029F1E5;
			productRefGroup = 3F43515C24A8C0CE0029F1E5 /* Products */;
			projectDirPath = "";
			projectRoot = "";
			targets = (
				3F43515A24A8C0CE0029F1E5 /* SpaceXer */,
				3FA1FACA24AC08A9000125D9 /* SpaceXerTests */,
			);
		};
/* End PBXProject section */

/* Begin PBXResourcesBuildPhase section */
		3F43515924A8C0CE0029F1E5 /* Resources */ = {
			isa = PBXResourcesBuildPhase;
			buildActionMask = 2147483647;
			files = (
				3F43516524A8C0D10029F1E5 /* Assets.xcassets in Resources */,
				3F43516B24A8C0D10029F1E5 /* LaunchScreen.storyboard in Resources */,
				3F43516824A8C0D10029F1E5 /* Preview Assets.xcassets in Resources */,
				3F39D30A24AEF1740097900E /* past_launches.json in Resources */,
			);
			runOnlyForDeploymentPostprocessing = 0;
		};
		3FA1FAC924AC08A9000125D9 /* Resources */ = {
			isa = PBXResourcesBuildPhase;
			buildActionMask = 2147483647;
			files = (
				3FA1FAD824AC0A46000125D9 /* past_launches.json in Resources */,
			);
			runOnlyForDeploymentPostprocessing = 0;
		};
/* End PBXResourcesBuildPhase section */

/* Begin PBXShellScriptBuildPhase section */
		3F39D30F24B094A90097900E /* Run SwiftLint */ = {
			isa = PBXShellScriptBuildPhase;
			buildActionMask = 2147483647;
			files = (
			);
			inputFileListPaths = (
			);
			inputPaths = (
			);
			name = "Run SwiftLint";
			outputFileListPaths = (
			);
			outputPaths = (
			);
			runOnlyForDeploymentPostprocessing = 0;
			shellPath = /bin/sh;
			shellScript = "\"${PROJECT_DIR}/Pods/SwiftLint/swiftlint\"\n";
		};
		3F87442924F5DD8C001E0BAD /* Sort Project */ = {
			isa = PBXShellScriptBuildPhase;
			buildActionMask = 2147483647;
			files = (
			);
			inputFileListPaths = (
			);
			inputPaths = (
			);
			name = "Sort Project";
			outputFileListPaths = (
			);
			outputPaths = (
			);
			runOnlyForDeploymentPostprocessing = 0;
			shellPath = /bin/sh;
			shellScript = "sh ${SRCROOT}/BuildPhases/xcsort\n";
		};
/* End PBXShellScriptBuildPhase section */

/* Begin PBXSourcesBuildPhase section */
		3F43515724A8C0CE0029F1E5 /* Sources */ = {
			isa = PBXSourcesBuildPhase;
			buildActionMask = 2147483647;
			files = (
				3F43515F24A8C0CE0029F1E5 /* AppDelegate.swift in Sources */,
				3F3A1A3C253633E000FEC663 /* AppViewModel.swift in Sources */,
				3F39D31524B09FBA0097900E /* Collection+SafeAccess.swift in Sources */,
				3F033A6B24C31DEC0011A458 /* Date+Year.swift in Sources */,
				3F3A1A692537FF6800FEC663 /* FavoritesController.swift in Sources */,
				3F3A1A7525380C5B00FEC663 /* FavoritesList.swift in Sources */,
				3F3A1A7B25380C7600FEC663 /* FavoritesListViewModel.swift in Sources */,
				3F3A1A932538117100FEC663 /* FavoritesStoring.swift in Sources */,
				3FDD0D8424E94CA000F91E79 /* FileSystemLaunchesFetcher.swift in Sources */,
				3F39D31F24B203EA0097900E /* GroupLaunchesIntoSections.swift in Sources */,
				3F3A1A992538119100FEC663 /* InMemoryFavoritesStore.swift in Sources */,
				3FA1FADA24AC0BAE000125D9 /* Launch.swift in Sources */,
				3F3A1A6F2538008B00FEC663 /* LaunchDetailViewModel.swift in Sources */,
				3F39D31924B0A5E80097900E /* LaunchFetcher+UITableViewDataSource.swift in Sources */,
				3F39D30924AEEF810097900E /* LaunchFetcher.swift in Sources */,
				3FDD0D7424E605A600F91E79 /* LaunchesFetching.swift in Sources */,
				3FC8243424E15B6100ED7A98 /* LaunchesListContainerViewModel.swift in Sources */,
				3F3A1A482536392600FEC663 /* LaunchesListViewModel.swift in Sources */,
				3FC8243F24E1624000ED7A98 /* LoadableViewModel.swift in Sources */,
				3F39D31324B09C600097900E /* NSLayoutConstraint+SyntaxSugar.swift in Sources */,
				3FF77DB724E4BF3200CC728A /* NetworkFetching+URLSession.swift in Sources */,
				3FC8244324E2238F00ED7A98 /* NetworkFetching.swift in Sources */,
				3FC8243624E15BF200ED7A98 /* RemoteData.swift in Sources */,
				3F43516124A8C0CE0029F1E5 /* SceneDelegate.swift in Sources */,
				3F39D32124B2C4860097900E /* SectionSource.swift in Sources */,
				3F39D30C24B08F2F0097900E /* UIKitLauchListViewController.swift in Sources */,
				3FDD0D8824E9575700F91E79 /* UINavigationController+SyntaxSugar.swift in Sources */,
				3F39D30E24B091370097900E /* UIViewController+SyntaxSugar.swift in Sources */,
				3F43516324A8C0CE0029F1E5 /* Views.swift in Sources */,
			);
			runOnlyForDeploymentPostprocessing = 0;
		};
		3FA1FAC724AC08A9000125D9 /* Sources */ = {
			isa = PBXSourcesBuildPhase;
			buildActionMask = 2147483647;
			files = (
				3FC45DAE24E946150081BD5D /* Collection+SafeAccessTests.swift in Sources */,
				3F033A6924C31DCD0011A458 /* Date+Year.swift in Sources */,
				3FDD0D8624E9511400F91E79 /* FileSystemLaunchesFetcherTests.swift in Sources */,
				3F39D31D24B1F44A0097900E /* GroupLaunchesIntoSectionsTests.swift in Sources */,
				3F74DDB8251A146C00D38EBB /* LaunchDetailViewModelTests.swift in Sources */,
				3F39D31724B0A0E30097900E /* LaunchFetcher+UITableViewDataSourceTests.swift in Sources */,
				3F39D30724AEECA10097900E /* LaunchFetcherTests.swift in Sources */,
				3F39D31B24B1E0330097900E /* LaunchJSONFixture.swift in Sources */,
				3FDD0D7224E55B5900F91E79 /* LaunchListContainerViewModelTests.swift in Sources */,
				3FA1FAD624AC08E0000125D9 /* LaunchTests.swift in Sources */,
				3FC8244724E2242300ED7A98 /* NetworkFetchingStub.swift in Sources */,
				3FF77DB524E4BAFC00CC728A /* NetworkFetchingTests.swift in Sources */,
				3FA1FACE24AC08A9000125D9 /* SpaceXerTests.swift in Sources */,
				3FDD0D7824E6AC5300F91E79 /* XCTestCase+Combine.swift in Sources */,
			);
			runOnlyForDeploymentPostprocessing = 0;
		};
/* End PBXSourcesBuildPhase section */

/* Begin PBXTargetDependency section */
		3FA1FAD124AC08A9000125D9 /* PBXTargetDependency */ = {
			isa = PBXTargetDependency;
			target = 3F43515A24A8C0CE0029F1E5 /* SpaceXer */;
			targetProxy = 3FA1FAD024AC08A9000125D9 /* PBXContainerItemProxy */;
		};
/* End PBXTargetDependency section */

/* Begin PBXVariantGroup section */
		3F43516924A8C0D10029F1E5 /* LaunchScreen.storyboard */ = {
			isa = PBXVariantGroup;
			children = (
				3F43516A24A8C0D10029F1E5 /* Base */,
			);
			name = LaunchScreen.storyboard;
			sourceTree = "<group>";
		};
/* End PBXVariantGroup section */

/* Begin XCBuildConfiguration section */
		3F43517824A8C0D10029F1E5 /* Debug */ = {
			isa = XCBuildConfiguration;
			buildSettings = {
				ALWAYS_SEARCH_USER_PATHS = NO;
				CLANG_ANALYZER_NONNULL = YES;
				CLANG_ANALYZER_NUMBER_OBJECT_CONVERSION = YES_AGGRESSIVE;
				CLANG_CXX_LANGUAGE_STANDARD = "gnu++14";
				CLANG_CXX_LIBRARY = "libc++";
				CLANG_ENABLE_MODULES = YES;
				CLANG_ENABLE_OBJC_ARC = YES;
				CLANG_ENABLE_OBJC_WEAK = YES;
				CLANG_WARN_BLOCK_CAPTURE_AUTORELEASING = YES;
				CLANG_WARN_BOOL_CONVERSION = YES;
				CLANG_WARN_COMMA = YES;
				CLANG_WARN_CONSTANT_CONVERSION = YES;
				CLANG_WARN_DEPRECATED_OBJC_IMPLEMENTATIONS = YES;
				CLANG_WARN_DIRECT_OBJC_ISA_USAGE = YES_ERROR;
				CLANG_WARN_DOCUMENTATION_COMMENTS = YES;
				CLANG_WARN_EMPTY_BODY = YES;
				CLANG_WARN_ENUM_CONVERSION = YES;
				CLANG_WARN_INFINITE_RECURSION = YES;
				CLANG_WARN_INT_CONVERSION = YES;
				CLANG_WARN_NON_LITERAL_NULL_CONVERSION = YES;
				CLANG_WARN_OBJC_IMPLICIT_RETAIN_SELF = YES;
				CLANG_WARN_OBJC_LITERAL_CONVERSION = YES;
				CLANG_WARN_OBJC_ROOT_CLASS = YES_ERROR;
				CLANG_WARN_QUOTED_INCLUDE_IN_FRAMEWORK_HEADER = YES;
				CLANG_WARN_RANGE_LOOP_ANALYSIS = YES;
				CLANG_WARN_STRICT_PROTOTYPES = YES;
				CLANG_WARN_SUSPICIOUS_MOVE = YES;
				CLANG_WARN_UNGUARDED_AVAILABILITY = YES_AGGRESSIVE;
				CLANG_WARN_UNREACHABLE_CODE = YES;
				CLANG_WARN__DUPLICATE_METHOD_MATCH = YES;
				COPY_PHASE_STRIP = NO;
				DEBUG_INFORMATION_FORMAT = dwarf;
				ENABLE_STRICT_OBJC_MSGSEND = YES;
				ENABLE_TESTABILITY = YES;
				GCC_C_LANGUAGE_STANDARD = gnu11;
				GCC_DYNAMIC_NO_PIC = NO;
				GCC_NO_COMMON_BLOCKS = YES;
				GCC_OPTIMIZATION_LEVEL = 0;
				GCC_PREPROCESSOR_DEFINITIONS = (
					"DEBUG=1",
					"$(inherited)",
				);
				GCC_WARN_64_TO_32_BIT_CONVERSION = YES;
				GCC_WARN_ABOUT_RETURN_TYPE = YES_ERROR;
				GCC_WARN_UNDECLARED_SELECTOR = YES;
				GCC_WARN_UNINITIALIZED_AUTOS = YES_AGGRESSIVE;
				GCC_WARN_UNUSED_FUNCTION = YES;
				GCC_WARN_UNUSED_VARIABLE = YES;
				IPHONEOS_DEPLOYMENT_TARGET = 13.5;
				MTL_ENABLE_DEBUG_INFO = INCLUDE_SOURCE;
				MTL_FAST_MATH = YES;
				ONLY_ACTIVE_ARCH = YES;
				SDKROOT = iphoneos;
				SWIFT_ACTIVE_COMPILATION_CONDITIONS = DEBUG;
				SWIFT_OPTIMIZATION_LEVEL = "-Onone";
			};
			name = Debug;
		};
		3F43517924A8C0D10029F1E5 /* Release */ = {
			isa = XCBuildConfiguration;
			buildSettings = {
				ALWAYS_SEARCH_USER_PATHS = NO;
				CLANG_ANALYZER_NONNULL = YES;
				CLANG_ANALYZER_NUMBER_OBJECT_CONVERSION = YES_AGGRESSIVE;
				CLANG_CXX_LANGUAGE_STANDARD = "gnu++14";
				CLANG_CXX_LIBRARY = "libc++";
				CLANG_ENABLE_MODULES = YES;
				CLANG_ENABLE_OBJC_ARC = YES;
				CLANG_ENABLE_OBJC_WEAK = YES;
				CLANG_WARN_BLOCK_CAPTURE_AUTORELEASING = YES;
				CLANG_WARN_BOOL_CONVERSION = YES;
				CLANG_WARN_COMMA = YES;
				CLANG_WARN_CONSTANT_CONVERSION = YES;
				CLANG_WARN_DEPRECATED_OBJC_IMPLEMENTATIONS = YES;
				CLANG_WARN_DIRECT_OBJC_ISA_USAGE = YES_ERROR;
				CLANG_WARN_DOCUMENTATION_COMMENTS = YES;
				CLANG_WARN_EMPTY_BODY = YES;
				CLANG_WARN_ENUM_CONVERSION = YES;
				CLANG_WARN_INFINITE_RECURSION = YES;
				CLANG_WARN_INT_CONVERSION = YES;
				CLANG_WARN_NON_LITERAL_NULL_CONVERSION = YES;
				CLANG_WARN_OBJC_IMPLICIT_RETAIN_SELF = YES;
				CLANG_WARN_OBJC_LITERAL_CONVERSION = YES;
				CLANG_WARN_OBJC_ROOT_CLASS = YES_ERROR;
				CLANG_WARN_QUOTED_INCLUDE_IN_FRAMEWORK_HEADER = YES;
				CLANG_WARN_RANGE_LOOP_ANALYSIS = YES;
				CLANG_WARN_STRICT_PROTOTYPES = YES;
				CLANG_WARN_SUSPICIOUS_MOVE = YES;
				CLANG_WARN_UNGUARDED_AVAILABILITY = YES_AGGRESSIVE;
				CLANG_WARN_UNREACHABLE_CODE = YES;
				CLANG_WARN__DUPLICATE_METHOD_MATCH = YES;
				COPY_PHASE_STRIP = NO;
				DEBUG_INFORMATION_FORMAT = "dwarf-with-dsym";
				ENABLE_NS_ASSERTIONS = NO;
				ENABLE_STRICT_OBJC_MSGSEND = YES;
				GCC_C_LANGUAGE_STANDARD = gnu11;
				GCC_NO_COMMON_BLOCKS = YES;
				GCC_WARN_64_TO_32_BIT_CONVERSION = YES;
				GCC_WARN_ABOUT_RETURN_TYPE = YES_ERROR;
				GCC_WARN_UNDECLARED_SELECTOR = YES;
				GCC_WARN_UNINITIALIZED_AUTOS = YES_AGGRESSIVE;
				GCC_WARN_UNUSED_FUNCTION = YES;
				GCC_WARN_UNUSED_VARIABLE = YES;
				IPHONEOS_DEPLOYMENT_TARGET = 13.5;
				MTL_ENABLE_DEBUG_INFO = NO;
				MTL_FAST_MATH = YES;
				SDKROOT = iphoneos;
				SWIFT_COMPILATION_MODE = wholemodule;
				SWIFT_OPTIMIZATION_LEVEL = "-O";
				VALIDATE_PRODUCT = YES;
			};
			name = Release;
		};
		3F43517B24A8C0D10029F1E5 /* Debug */ = {
			isa = XCBuildConfiguration;
			buildSettings = {
				ASSETCATALOG_COMPILER_APPICON_NAME = AppIcon;
				CODE_SIGN_STYLE = Automatic;
				DEVELOPMENT_ASSET_PATHS = "\"SpaceXer/Preview Content\"";
				ENABLE_PREVIEWS = YES;
				INFOPLIST_FILE = SpaceXer/Info.plist;
				LD_RUNPATH_SEARCH_PATHS = (
					"$(inherited)",
					"@executable_path/Frameworks",
				);
				PRODUCT_BUNDLE_IDENTIFIER = com.mokagio.SpaceXer;
				PRODUCT_NAME = "$(TARGET_NAME)";
				SWIFT_VERSION = 5.0;
				TARGETED_DEVICE_FAMILY = "1,2";
			};
			name = Debug;
		};
		3F43517C24A8C0D10029F1E5 /* Release */ = {
			isa = XCBuildConfiguration;
			buildSettings = {
				ASSETCATALOG_COMPILER_APPICON_NAME = AppIcon;
				CODE_SIGN_STYLE = Automatic;
				DEVELOPMENT_ASSET_PATHS = "\"SpaceXer/Preview Content\"";
				ENABLE_PREVIEWS = YES;
				INFOPLIST_FILE = SpaceXer/Info.plist;
				LD_RUNPATH_SEARCH_PATHS = (
					"$(inherited)",
					"@executable_path/Frameworks",
				);
				PRODUCT_BUNDLE_IDENTIFIER = com.mokagio.SpaceXer;
				PRODUCT_NAME = "$(TARGET_NAME)";
				SWIFT_VERSION = 5.0;
				TARGETED_DEVICE_FAMILY = "1,2";
			};
			name = Release;
		};
		3FA1FAD324AC08A9000125D9 /* Debug */ = {
			isa = XCBuildConfiguration;
			buildSettings = {
				BUNDLE_LOADER = "$(TEST_HOST)";
				CLANG_WARN_QUOTED_INCLUDE_IN_FRAMEWORK_HEADER = YES;
				CODE_SIGN_STYLE = Automatic;
				INFOPLIST_FILE = SpaceXerTests/Info.plist;
				IPHONEOS_DEPLOYMENT_TARGET = 14.0;
				LD_RUNPATH_SEARCH_PATHS = (
					"$(inherited)",
					"@executable_path/Frameworks",
					"@loader_path/Frameworks",
				);
				PRODUCT_BUNDLE_IDENTIFIER = com.mokagio.SpaceXerTests;
				PRODUCT_NAME = "$(TARGET_NAME)";
				SWIFT_VERSION = 5.0;
				TARGETED_DEVICE_FAMILY = "1,2";
				TEST_HOST = "$(BUILT_PRODUCTS_DIR)/SpaceXer.app/SpaceXer";
			};
			name = Debug;
		};
		3FA1FAD424AC08A9000125D9 /* Release */ = {
			isa = XCBuildConfiguration;
			buildSettings = {
				BUNDLE_LOADER = "$(TEST_HOST)";
				CLANG_WARN_QUOTED_INCLUDE_IN_FRAMEWORK_HEADER = YES;
				CODE_SIGN_STYLE = Automatic;
				INFOPLIST_FILE = SpaceXerTests/Info.plist;
				IPHONEOS_DEPLOYMENT_TARGET = 14.0;
				LD_RUNPATH_SEARCH_PATHS = (
					"$(inherited)",
					"@executable_path/Frameworks",
					"@loader_path/Frameworks",
				);
				PRODUCT_BUNDLE_IDENTIFIER = com.mokagio.SpaceXerTests;
				PRODUCT_NAME = "$(TARGET_NAME)";
				SWIFT_VERSION = 5.0;
				TARGETED_DEVICE_FAMILY = "1,2";
				TEST_HOST = "$(BUILT_PRODUCTS_DIR)/SpaceXer.app/SpaceXer";
			};
			name = Release;
		};
/* End XCBuildConfiguration section */

/* Begin XCConfigurationList section */
		3F43515624A8C0CE0029F1E5 /* Build configuration list for PBXProject "SpaceXer" */ = {
			isa = XCConfigurationList;
			buildConfigurations = (
				3F43517824A8C0D10029F1E5 /* Debug */,
				3F43517924A8C0D10029F1E5 /* Release */,
			);
			defaultConfigurationIsVisible = 0;
			defaultConfigurationName = Release;
		};
		3F43517A24A8C0D10029F1E5 /* Build configuration list for PBXNativeTarget "SpaceXer" */ = {
			isa = XCConfigurationList;
			buildConfigurations = (
				3F43517B24A8C0D10029F1E5 /* Debug */,
				3F43517C24A8C0D10029F1E5 /* Release */,
			);
			defaultConfigurationIsVisible = 0;
			defaultConfigurationName = Release;
		};
		3FA1FAD224AC08A9000125D9 /* Build configuration list for PBXNativeTarget "SpaceXerTests" */ = {
			isa = XCConfigurationList;
			buildConfigurations = (
				3FA1FAD324AC08A9000125D9 /* Debug */,
				3FA1FAD424AC08A9000125D9 /* Release */,
			);
			defaultConfigurationIsVisible = 0;
			defaultConfigurationName = Release;
		};
/* End XCConfigurationList section */
	};
	rootObject = 3F43515324A8C0CE0029F1E5 /* Project object */;
}
