// !$*UTF8*$!
{
	archiveVersion = 1;
	classes = {
	};
	objectVersion = 50;
	objects = {

/* Begin PBXBuildFile section */
		3F033A6924C31DCD0011A458 /* Date+Year.swift in Sources */ = {isa = PBXBuildFile; fileRef = 3F033A6724C31D670011A458 /* Date+Year.swift */; };
		3F033A6B24C31DEC0011A458 /* Date+Year.swift in Sources */ = {isa = PBXBuildFile; fileRef = 3F033A6A24C31DEC0011A458 /* Date+Year.swift */; };
		3F39D30724AEECA10097900E /* LaunchFetcherTests.swift in Sources */ = {isa = PBXBuildFile; fileRef = 3F39D30624AEECA10097900E /* LaunchFetcherTests.swift */; };
		3F39D30924AEEF810097900E /* LaunchFetcher.swift in Sources */ = {isa = PBXBuildFile; fileRef = 3F39D30824AEEF810097900E /* LaunchFetcher.swift */; };
		3F39D30A24AEF1740097900E /* past_launches.json in Resources */ = {isa = PBXBuildFile; fileRef = 3FA1FAD724AC0A46000125D9 /* past_launches.json */; };
		3F39D30C24B08F2F0097900E /* UIKitLauchListViewController.swift in Sources */ = {isa = PBXBuildFile; fileRef = 3F39D30B24B08F2F0097900E /* UIKitLauchListViewController.swift */; };
		3F39D30E24B091370097900E /* UIViewController+SyntaxSugar.swift in Sources */ = {isa = PBXBuildFile; fileRef = 3F39D30D24B091370097900E /* UIViewController+SyntaxSugar.swift */; };
		3F39D31324B09C600097900E /* NSLayoutConstraint+SyntaxSugar.swift in Sources */ = {isa = PBXBuildFile; fileRef = 3F39D31224B09C600097900E /* NSLayoutConstraint+SyntaxSugar.swift */; };
		3F39D31524B09FBA0097900E /* Collection+SafeAccess.swift in Sources */ = {isa = PBXBuildFile; fileRef = 3F39D31424B09FBA0097900E /* Collection+SafeAccess.swift */; };
		3F39D31724B0A0E30097900E /* LaunchFetcher+UITableViewDataSourceTests.swift in Sources */ = {isa = PBXBuildFile; fileRef = 3F39D31624B0A0E30097900E /* LaunchFetcher+UITableViewDataSourceTests.swift */; };
		3F39D31924B0A5E80097900E /* LaunchFetcher+UITableViewDataSource.swift in Sources */ = {isa = PBXBuildFile; fileRef = 3F39D31824B0A5E80097900E /* LaunchFetcher+UITableViewDataSource.swift */; };
		3F39D31B24B1E0330097900E /* LaunchJSONFixture.swift in Sources */ = {isa = PBXBuildFile; fileRef = 3F39D31A24B1E0330097900E /* LaunchJSONFixture.swift */; };
		3F39D31D24B1F44A0097900E /* GroupLaunchesIntoSectionsTests.swift in Sources */ = {isa = PBXBuildFile; fileRef = 3F39D31C24B1F44A0097900E /* GroupLaunchesIntoSectionsTests.swift */; };
		3F39D31F24B203EA0097900E /* GroupLaunchesIntoSections.swift in Sources */ = {isa = PBXBuildFile; fileRef = 3F39D31E24B203EA0097900E /* GroupLaunchesIntoSections.swift */; };
		3F39D32124B2C4860097900E /* SectionSource.swift in Sources */ = {isa = PBXBuildFile; fileRef = 3F39D32024B2C4860097900E /* SectionSource.swift */; };
		3F43515F24A8C0CE0029F1E5 /* AppDelegate.swift in Sources */ = {isa = PBXBuildFile; fileRef = 3F43515E24A8C0CE0029F1E5 /* AppDelegate.swift */; };
		3F43516124A8C0CE0029F1E5 /* SceneDelegate.swift in Sources */ = {isa = PBXBuildFile; fileRef = 3F43516024A8C0CE0029F1E5 /* SceneDelegate.swift */; };
		3F43516324A8C0CE0029F1E5 /* ContentView.swift in Sources */ = {isa = PBXBuildFile; fileRef = 3F43516224A8C0CE0029F1E5 /* ContentView.swift */; };
		3F43516524A8C0D10029F1E5 /* Assets.xcassets in Resources */ = {isa = PBXBuildFile; fileRef = 3F43516424A8C0D10029F1E5 /* Assets.xcassets */; };
		3F43516824A8C0D10029F1E5 /* Preview Assets.xcassets in Resources */ = {isa = PBXBuildFile; fileRef = 3F43516724A8C0D10029F1E5 /* Preview Assets.xcassets */; };
		3F43516B24A8C0D10029F1E5 /* LaunchScreen.storyboard in Resources */ = {isa = PBXBuildFile; fileRef = 3F43516924A8C0D10029F1E5 /* LaunchScreen.storyboard */; };
		3FA1FACE24AC08A9000125D9 /* SpaceXTests.swift in Sources */ = {isa = PBXBuildFile; fileRef = 3FA1FACD24AC08A9000125D9 /* SpaceXTests.swift */; };
		3FA1FAD624AC08E0000125D9 /* LaunchTests.swift in Sources */ = {isa = PBXBuildFile; fileRef = 3FA1FAD524AC08E0000125D9 /* LaunchTests.swift */; };
		3FA1FAD824AC0A46000125D9 /* past_launches.json in Resources */ = {isa = PBXBuildFile; fileRef = 3FA1FAD724AC0A46000125D9 /* past_launches.json */; };
		3FA1FADA24AC0BAE000125D9 /* Launch.swift in Sources */ = {isa = PBXBuildFile; fileRef = 3FA1FAD924AC0BAE000125D9 /* Launch.swift */; };
		3FC8243224E1595800ED7A98 /* NetworkService.swift in Sources */ = {isa = PBXBuildFile; fileRef = 3FC8243124E1595800ED7A98 /* NetworkService.swift */; };
/* End PBXBuildFile section */

/* Begin PBXContainerItemProxy section */
		3FA1FAD024AC08A9000125D9 /* PBXContainerItemProxy */ = {
			isa = PBXContainerItemProxy;
			containerPortal = 3F43515324A8C0CE0029F1E5 /* Project object */;
			proxyType = 1;
			remoteGlobalIDString = 3F43515A24A8C0CE0029F1E5;
			remoteInfo = SpaceX;
		};
/* End PBXContainerItemProxy section */

/* Begin PBXFileReference section */
		3F033A6724C31D670011A458 /* Date+Year.swift */ = {isa = PBXFileReference; lastKnownFileType = sourcecode.swift; path = "Date+Year.swift"; sourceTree = "<group>"; };
		3F033A6A24C31DEC0011A458 /* Date+Year.swift */ = {isa = PBXFileReference; lastKnownFileType = sourcecode.swift; path = "Date+Year.swift"; sourceTree = "<group>"; };
		3F39D30624AEECA10097900E /* LaunchFetcherTests.swift */ = {isa = PBXFileReference; lastKnownFileType = sourcecode.swift; path = LaunchFetcherTests.swift; sourceTree = "<group>"; };
		3F39D30824AEEF810097900E /* LaunchFetcher.swift */ = {isa = PBXFileReference; lastKnownFileType = sourcecode.swift; path = LaunchFetcher.swift; sourceTree = "<group>"; };
		3F39D30B24B08F2F0097900E /* UIKitLauchListViewController.swift */ = {isa = PBXFileReference; lastKnownFileType = sourcecode.swift; path = UIKitLauchListViewController.swift; sourceTree = "<group>"; };
		3F39D30D24B091370097900E /* UIViewController+SyntaxSugar.swift */ = {isa = PBXFileReference; lastKnownFileType = sourcecode.swift; path = "UIViewController+SyntaxSugar.swift"; sourceTree = "<group>"; };
		3F39D31224B09C600097900E /* NSLayoutConstraint+SyntaxSugar.swift */ = {isa = PBXFileReference; lastKnownFileType = sourcecode.swift; path = "NSLayoutConstraint+SyntaxSugar.swift"; sourceTree = "<group>"; };
		3F39D31424B09FBA0097900E /* Collection+SafeAccess.swift */ = {isa = PBXFileReference; lastKnownFileType = sourcecode.swift; path = "Collection+SafeAccess.swift"; sourceTree = "<group>"; };
		3F39D31624B0A0E30097900E /* LaunchFetcher+UITableViewDataSourceTests.swift */ = {isa = PBXFileReference; lastKnownFileType = sourcecode.swift; path = "LaunchFetcher+UITableViewDataSourceTests.swift"; sourceTree = "<group>"; };
		3F39D31824B0A5E80097900E /* LaunchFetcher+UITableViewDataSource.swift */ = {isa = PBXFileReference; lastKnownFileType = sourcecode.swift; path = "LaunchFetcher+UITableViewDataSource.swift"; sourceTree = "<group>"; };
		3F39D31A24B1E0330097900E /* LaunchJSONFixture.swift */ = {isa = PBXFileReference; lastKnownFileType = sourcecode.swift; path = LaunchJSONFixture.swift; sourceTree = "<group>"; };
		3F39D31C24B1F44A0097900E /* GroupLaunchesIntoSectionsTests.swift */ = {isa = PBXFileReference; lastKnownFileType = sourcecode.swift; path = GroupLaunchesIntoSectionsTests.swift; sourceTree = "<group>"; };
		3F39D31E24B203EA0097900E /* GroupLaunchesIntoSections.swift */ = {isa = PBXFileReference; lastKnownFileType = sourcecode.swift; path = GroupLaunchesIntoSections.swift; sourceTree = "<group>"; };
		3F39D32024B2C4860097900E /* SectionSource.swift */ = {isa = PBXFileReference; lastKnownFileType = sourcecode.swift; path = SectionSource.swift; sourceTree = "<group>"; };
		3F43515B24A8C0CE0029F1E5 /* SpaceX.app */ = {isa = PBXFileReference; explicitFileType = wrapper.application; includeInIndex = 0; path = SpaceX.app; sourceTree = BUILT_PRODUCTS_DIR; };
		3F43515E24A8C0CE0029F1E5 /* AppDelegate.swift */ = {isa = PBXFileReference; lastKnownFileType = sourcecode.swift; path = AppDelegate.swift; sourceTree = "<group>"; };
		3F43516024A8C0CE0029F1E5 /* SceneDelegate.swift */ = {isa = PBXFileReference; lastKnownFileType = sourcecode.swift; path = SceneDelegate.swift; sourceTree = "<group>"; };
		3F43516224A8C0CE0029F1E5 /* ContentView.swift */ = {isa = PBXFileReference; lastKnownFileType = sourcecode.swift; path = ContentView.swift; sourceTree = "<group>"; };
		3F43516424A8C0D10029F1E5 /* Assets.xcassets */ = {isa = PBXFileReference; lastKnownFileType = folder.assetcatalog; path = Assets.xcassets; sourceTree = "<group>"; };
		3F43516724A8C0D10029F1E5 /* Preview Assets.xcassets */ = {isa = PBXFileReference; lastKnownFileType = folder.assetcatalog; path = "Preview Assets.xcassets"; sourceTree = "<group>"; };
		3F43516A24A8C0D10029F1E5 /* Base */ = {isa = PBXFileReference; lastKnownFileType = file.storyboard; name = Base; path = Base.lproj/LaunchScreen.storyboard; sourceTree = "<group>"; };
		3F43516C24A8C0D10029F1E5 /* Info.plist */ = {isa = PBXFileReference; lastKnownFileType = text.plist.xml; path = Info.plist; sourceTree = "<group>"; };
		3FA1FACB24AC08A9000125D9 /* SpaceXTests.xctest */ = {isa = PBXFileReference; explicitFileType = wrapper.cfbundle; includeInIndex = 0; path = SpaceXTests.xctest; sourceTree = BUILT_PRODUCTS_DIR; };
		3FA1FACD24AC08A9000125D9 /* SpaceXTests.swift */ = {isa = PBXFileReference; lastKnownFileType = sourcecode.swift; path = SpaceXTests.swift; sourceTree = "<group>"; };
		3FA1FACF24AC08A9000125D9 /* Info.plist */ = {isa = PBXFileReference; lastKnownFileType = text.plist.xml; path = Info.plist; sourceTree = "<group>"; };
		3FA1FAD524AC08E0000125D9 /* LaunchTests.swift */ = {isa = PBXFileReference; lastKnownFileType = sourcecode.swift; path = LaunchTests.swift; sourceTree = "<group>"; };
		3FA1FAD724AC0A46000125D9 /* past_launches.json */ = {isa = PBXFileReference; fileEncoding = 4; lastKnownFileType = text.json; path = past_launches.json; sourceTree = "<group>"; };
		3FA1FAD924AC0BAE000125D9 /* Launch.swift */ = {isa = PBXFileReference; lastKnownFileType = sourcecode.swift; path = Launch.swift; sourceTree = "<group>"; };
		3FC8243124E1595800ED7A98 /* NetworkService.swift */ = {isa = PBXFileReference; lastKnownFileType = sourcecode.swift; path = NetworkService.swift; sourceTree = "<group>"; };
/* End PBXFileReference section */

/* Begin PBXFrameworksBuildPhase section */
		3F43515824A8C0CE0029F1E5 /* Frameworks */ = {
			isa = PBXFrameworksBuildPhase;
			buildActionMask = 2147483647;
			files = (
			);
			runOnlyForDeploymentPostprocessing = 0;
		};
		3FA1FAC824AC08A9000125D9 /* Frameworks */ = {
			isa = PBXFrameworksBuildPhase;
			buildActionMask = 2147483647;
			files = (
			);
			runOnlyForDeploymentPostprocessing = 0;
		};
/* End PBXFrameworksBuildPhase section */

/* Begin PBXGroup section */
		3F43515224A8C0CE0029F1E5 = {
			isa = PBXGroup;
			children = (
				3F43515C24A8C0CE0029F1E5 /* Products */,
				3F43515D24A8C0CE0029F1E5 /* SpaceX */,
				3FA1FACC24AC08A9000125D9 /* SpaceXTests */,
			);
			sourceTree = "<group>";
		};
		3F43515C24A8C0CE0029F1E5 /* Products */ = {
			isa = PBXGroup;
			children = (
				3F43515B24A8C0CE0029F1E5 /* SpaceX.app */,
				3FA1FACB24AC08A9000125D9 /* SpaceXTests.xctest */,
			);
			name = Products;
			sourceTree = "<group>";
		};
		3F43515D24A8C0CE0029F1E5 /* SpaceX */ = {
			isa = PBXGroup;
			children = (
				3F43515E24A8C0CE0029F1E5 /* AppDelegate.swift */,
				3F43516424A8C0D10029F1E5 /* Assets.xcassets */,
				3F39D31424B09FBA0097900E /* Collection+SafeAccess.swift */,
				3F43516224A8C0CE0029F1E5 /* ContentView.swift */,
				3F033A6A24C31DEC0011A458 /* Date+Year.swift */,
				3F39D31E24B203EA0097900E /* GroupLaunchesIntoSections.swift */,
				3F43516C24A8C0D10029F1E5 /* Info.plist */,
				3FA1FAD924AC0BAE000125D9 /* Launch.swift */,
				3F39D30824AEEF810097900E /* LaunchFetcher.swift */,
				3F39D31824B0A5E80097900E /* LaunchFetcher+UITableViewDataSource.swift */,
				3F43516924A8C0D10029F1E5 /* LaunchScreen.storyboard */,
				3FC8243124E1595800ED7A98 /* NetworkService.swift */,
				3F39D31224B09C600097900E /* NSLayoutConstraint+SyntaxSugar.swift */,
				3F43516624A8C0D10029F1E5 /* Preview Content */,
				3F43516024A8C0CE0029F1E5 /* SceneDelegate.swift */,
				3F39D32024B2C4860097900E /* SectionSource.swift */,
				3F39D30B24B08F2F0097900E /* UIKitLauchListViewController.swift */,
				3F39D30D24B091370097900E /* UIViewController+SyntaxSugar.swift */,
			);
			path = SpaceX;
			sourceTree = "<group>";
		};
		3F43516624A8C0D10029F1E5 /* Preview Content */ = {
			isa = PBXGroup;
			children = (
				3F43516724A8C0D10029F1E5 /* Preview Assets.xcassets */,
			);
			path = "Preview Content";
			sourceTree = "<group>";
		};
		3FA1FACC24AC08A9000125D9 /* SpaceXTests */ = {
			isa = PBXGroup;
			children = (
				3F033A6724C31D670011A458 /* Date+Year.swift */,
				3F39D31C24B1F44A0097900E /* GroupLaunchesIntoSectionsTests.swift */,
				3FA1FACF24AC08A9000125D9 /* Info.plist */,
				3F39D31624B0A0E30097900E /* LaunchFetcher+UITableViewDataSourceTests.swift */,
				3F39D30624AEECA10097900E /* LaunchFetcherTests.swift */,
				3F39D31A24B1E0330097900E /* LaunchJSONFixture.swift */,
				3FA1FAD524AC08E0000125D9 /* LaunchTests.swift */,
				3FA1FAD724AC0A46000125D9 /* past_launches.json */,
				3FA1FACD24AC08A9000125D9 /* SpaceXTests.swift */,
			);
			path = SpaceXTests;
			sourceTree = "<group>";
		};
/* End PBXGroup section */

/* Begin PBXNativeTarget section */
		3F43515A24A8C0CE0029F1E5 /* SpaceX */ = {
			isa = PBXNativeTarget;
			buildConfigurationList = 3F43517A24A8C0D10029F1E5 /* Build configuration list for PBXNativeTarget "SpaceX" */;
			buildPhases = (
				3F43515724A8C0CE0029F1E5 /* Sources */,
				3F43515824A8C0CE0029F1E5 /* Frameworks */,
				3F43515924A8C0CE0029F1E5 /* Resources */,
				3F39D30F24B094A90097900E /* Run SwiftLint */,
			);
			buildRules = (
			);
			dependencies = (
			);
			name = SpaceX;
			productName = SpaceX;
			productReference = 3F43515B24A8C0CE0029F1E5 /* SpaceX.app */;
			productType = "com.apple.product-type.application";
		};
		3FA1FACA24AC08A9000125D9 /* SpaceXTests */ = {
			isa = PBXNativeTarget;
			buildConfigurationList = 3FA1FAD224AC08A9000125D9 /* Build configuration list for PBXNativeTarget "SpaceXTests" */;
			buildPhases = (
				3FA1FAC724AC08A9000125D9 /* Sources */,
				3FA1FAC824AC08A9000125D9 /* Frameworks */,
				3FA1FAC924AC08A9000125D9 /* Resources */,
			);
			buildRules = (
			);
			dependencies = (
				3FA1FAD124AC08A9000125D9 /* PBXTargetDependency */,
			);
			name = SpaceXTests;
			productName = SpaceXTests;
			productReference = 3FA1FACB24AC08A9000125D9 /* SpaceXTests.xctest */;
			productType = "com.apple.product-type.bundle.unit-test";
		};
/* End PBXNativeTarget section */

/* Begin PBXProject section */
		3F43515324A8C0CE0029F1E5 /* Project object */ = {
			isa = PBXProject;
			attributes = {
				LastSwiftUpdateCheck = 1200;
				LastUpgradeCheck = 1200;
				ORGANIZATIONNAME = mokagio;
				TargetAttributes = {
					3F43515A24A8C0CE0029F1E5 = {
						CreatedOnToolsVersion = 11.5;
					};
					3FA1FACA24AC08A9000125D9 = {
						CreatedOnToolsVersion = 12.0;
						TestTargetID = 3F43515A24A8C0CE0029F1E5;
					};
				};
			};
			buildConfigurationList = 3F43515624A8C0CE0029F1E5 /* Build configuration list for PBXProject "SpaceX" */;
			compatibilityVersion = "Xcode 9.3";
			developmentRegion = en;
			hasScannedForEncodings = 0;
			knownRegions = (
				en,
				Base,
			);
			mainGroup = 3F43515224A8C0CE0029F1E5;
			productRefGroup = 3F43515C24A8C0CE0029F1E5 /* Products */;
			projectDirPath = "";
			projectRoot = "";
			targets = (
				3F43515A24A8C0CE0029F1E5 /* SpaceX */,
				3FA1FACA24AC08A9000125D9 /* SpaceXTests */,
			);
		};
/* End PBXProject section */

/* Begin PBXResourcesBuildPhase section */
		3F43515924A8C0CE0029F1E5 /* Resources */ = {
			isa = PBXResourcesBuildPhase;
			buildActionMask = 2147483647;
			files = (
				3F39D30A24AEF1740097900E /* past_launches.json in Resources */,
				3F43516B24A8C0D10029F1E5 /* LaunchScreen.storyboard in Resources */,
				3F43516824A8C0D10029F1E5 /* Preview Assets.xcassets in Resources */,
				3F43516524A8C0D10029F1E5 /* Assets.xcassets in Resources */,
			);
			runOnlyForDeploymentPostprocessing = 0;
		};
		3FA1FAC924AC08A9000125D9 /* Resources */ = {
			isa = PBXResourcesBuildPhase;
			buildActionMask = 2147483647;
			files = (
				3FA1FAD824AC0A46000125D9 /* past_launches.json in Resources */,
			);
			runOnlyForDeploymentPostprocessing = 0;
		};
/* End PBXResourcesBuildPhase section */

/* Begin PBXShellScriptBuildPhase section */
		3F39D30F24B094A90097900E /* Run SwiftLint */ = {
			isa = PBXShellScriptBuildPhase;
			buildActionMask = 2147483647;
			files = (
			);
			inputFileListPaths = (
			);
			inputPaths = (
			);
			name = "Run SwiftLint";
			outputFileListPaths = (
			);
			outputPaths = (
			);
			runOnlyForDeploymentPostprocessing = 0;
			shellPath = /bin/sh;
			shellScript = "\"${PROJECT_DIR}/Pods/SwiftLint/swiftlint\"\n";
		};
/* End PBXShellScriptBuildPhase section */

/* Begin PBXSourcesBuildPhase section */
		3F43515724A8C0CE0029F1E5 /* Sources */ = {
			isa = PBXSourcesBuildPhase;
			buildActionMask = 2147483647;
			files = (
				3F39D30E24B091370097900E /* UIViewController+SyntaxSugar.swift in Sources */,
				3F39D31F24B203EA0097900E /* GroupLaunchesIntoSections.swift in Sources */,
				3F39D31924B0A5E80097900E /* LaunchFetcher+UITableViewDataSource.swift in Sources */,
				3F43515F24A8C0CE0029F1E5 /* AppDelegate.swift in Sources */,
				3F033A6B24C31DEC0011A458 /* Date+Year.swift in Sources */,
				3F39D30C24B08F2F0097900E /* UIKitLauchListViewController.swift in Sources */,
				3FC8243224E1595800ED7A98 /* NetworkService.swift in Sources */,
				3F39D31524B09FBA0097900E /* Collection+SafeAccess.swift in Sources */,
				3F43516124A8C0CE0029F1E5 /* SceneDelegate.swift in Sources */,
				3FA1FADA24AC0BAE000125D9 /* Launch.swift in Sources */,
				3F39D32124B2C4860097900E /* SectionSource.swift in Sources */,
				3F39D30924AEEF810097900E /* LaunchFetcher.swift in Sources */,
				3F43516324A8C0CE0029F1E5 /* ContentView.swift in Sources */,
				3F39D31324B09C600097900E /* NSLayoutConstraint+SyntaxSugar.swift in Sources */,
			);
			runOnlyForDeploymentPostprocessing = 0;
		};
		3FA1FAC724AC08A9000125D9 /* Sources */ = {
			isa = PBXSourcesBuildPhase;
			buildActionMask = 2147483647;
			files = (
				3F39D30724AEECA10097900E /* LaunchFetcherTests.swift in Sources */,
				3FA1FAD624AC08E0000125D9 /* LaunchTests.swift in Sources */,
				3FA1FACE24AC08A9000125D9 /* SpaceXTests.swift in Sources */,
				3F39D31724B0A0E30097900E /* LaunchFetcher+UITableViewDataSourceTests.swift in Sources */,
				3F39D31D24B1F44A0097900E /* GroupLaunchesIntoSectionsTests.swift in Sources */,
				3F39D31B24B1E0330097900E /* LaunchJSONFixture.swift in Sources */,
				3F033A6924C31DCD0011A458 /* Date+Year.swift in Sources */,
			);
			runOnlyForDeploymentPostprocessing = 0;
		};
/* End PBXSourcesBuildPhase section */

/* Begin PBXTargetDependency section */
		3FA1FAD124AC08A9000125D9 /* PBXTargetDependency */ = {
			isa = PBXTargetDependency;
			target = 3F43515A24A8C0CE0029F1E5 /* SpaceX */;
			targetProxy = 3FA1FAD024AC08A9000125D9 /* PBXContainerItemProxy */;
		};
/* End PBXTargetDependency section */

/* Begin PBXVariantGroup section */
		3F43516924A8C0D10029F1E5 /* LaunchScreen.storyboard */ = {
			isa = PBXVariantGroup;
			children = (
				3F43516A24A8C0D10029F1E5 /* Base */,
			);
			name = LaunchScreen.storyboard;
			sourceTree = "<group>";
		};
/* End PBXVariantGroup section */

/* Begin XCBuildConfiguration section */
		3F43517824A8C0D10029F1E5 /* Debug */ = {
			isa = XCBuildConfiguration;
			buildSettings = {
				ALWAYS_SEARCH_USER_PATHS = NO;
				CLANG_ANALYZER_NONNULL = YES;
				CLANG_ANALYZER_NUMBER_OBJECT_CONVERSION = YES_AGGRESSIVE;
				CLANG_CXX_LANGUAGE_STANDARD = "gnu++14";
				CLANG_CXX_LIBRARY = "libc++";
				CLANG_ENABLE_MODULES = YES;
				CLANG_ENABLE_OBJC_ARC = YES;
				CLANG_ENABLE_OBJC_WEAK = YES;
				CLANG_WARN_BLOCK_CAPTURE_AUTORELEASING = YES;
				CLANG_WARN_BOOL_CONVERSION = YES;
				CLANG_WARN_COMMA = YES;
				CLANG_WARN_CONSTANT_CONVERSION = YES;
				CLANG_WARN_DEPRECATED_OBJC_IMPLEMENTATIONS = YES;
				CLANG_WARN_DIRECT_OBJC_ISA_USAGE = YES_ERROR;
				CLANG_WARN_DOCUMENTATION_COMMENTS = YES;
				CLANG_WARN_EMPTY_BODY = YES;
				CLANG_WARN_ENUM_CONVERSION = YES;
				CLANG_WARN_INFINITE_RECURSION = YES;
				CLANG_WARN_INT_CONVERSION = YES;
				CLANG_WARN_NON_LITERAL_NULL_CONVERSION = YES;
				CLANG_WARN_OBJC_IMPLICIT_RETAIN_SELF = YES;
				CLANG_WARN_OBJC_LITERAL_CONVERSION = YES;
				CLANG_WARN_OBJC_ROOT_CLASS = YES_ERROR;
				CLANG_WARN_QUOTED_INCLUDE_IN_FRAMEWORK_HEADER = YES;
				CLANG_WARN_RANGE_LOOP_ANALYSIS = YES;
				CLANG_WARN_STRICT_PROTOTYPES = YES;
				CLANG_WARN_SUSPICIOUS_MOVE = YES;
				CLANG_WARN_UNGUARDED_AVAILABILITY = YES_AGGRESSIVE;
				CLANG_WARN_UNREACHABLE_CODE = YES;
				CLANG_WARN__DUPLICATE_METHOD_MATCH = YES;
				COPY_PHASE_STRIP = NO;
				DEBUG_INFORMATION_FORMAT = dwarf;
				ENABLE_STRICT_OBJC_MSGSEND = YES;
				ENABLE_TESTABILITY = YES;
				GCC_C_LANGUAGE_STANDARD = gnu11;
				GCC_DYNAMIC_NO_PIC = NO;
				GCC_NO_COMMON_BLOCKS = YES;
				GCC_OPTIMIZATION_LEVEL = 0;
				GCC_PREPROCESSOR_DEFINITIONS = (
					"DEBUG=1",
					"$(inherited)",
				);
				GCC_WARN_64_TO_32_BIT_CONVERSION = YES;
				GCC_WARN_ABOUT_RETURN_TYPE = YES_ERROR;
				GCC_WARN_UNDECLARED_SELECTOR = YES;
				GCC_WARN_UNINITIALIZED_AUTOS = YES_AGGRESSIVE;
				GCC_WARN_UNUSED_FUNCTION = YES;
				GCC_WARN_UNUSED_VARIABLE = YES;
				IPHONEOS_DEPLOYMENT_TARGET = 13.5;
				MTL_ENABLE_DEBUG_INFO = INCLUDE_SOURCE;
				MTL_FAST_MATH = YES;
				ONLY_ACTIVE_ARCH = YES;
				SDKROOT = iphoneos;
				SWIFT_ACTIVE_COMPILATION_CONDITIONS = DEBUG;
				SWIFT_OPTIMIZATION_LEVEL = "-Onone";
			};
			name = Debug;
		};
		3F43517924A8C0D10029F1E5 /* Release */ = {
			isa = XCBuildConfiguration;
			buildSettings = {
				ALWAYS_SEARCH_USER_PATHS = NO;
				CLANG_ANALYZER_NONNULL = YES;
				CLANG_ANALYZER_NUMBER_OBJECT_CONVERSION = YES_AGGRESSIVE;
				CLANG_CXX_LANGUAGE_STANDARD = "gnu++14";
				CLANG_CXX_LIBRARY = "libc++";
				CLANG_ENABLE_MODULES = YES;
				CLANG_ENABLE_OBJC_ARC = YES;
				CLANG_ENABLE_OBJC_WEAK = YES;
				CLANG_WARN_BLOCK_CAPTURE_AUTORELEASING = YES;
				CLANG_WARN_BOOL_CONVERSION = YES;
				CLANG_WARN_COMMA = YES;
				CLANG_WARN_CONSTANT_CONVERSION = YES;
				CLANG_WARN_DEPRECATED_OBJC_IMPLEMENTATIONS = YES;
				CLANG_WARN_DIRECT_OBJC_ISA_USAGE = YES_ERROR;
				CLANG_WARN_DOCUMENTATION_COMMENTS = YES;
				CLANG_WARN_EMPTY_BODY = YES;
				CLANG_WARN_ENUM_CONVERSION = YES;
				CLANG_WARN_INFINITE_RECURSION = YES;
				CLANG_WARN_INT_CONVERSION = YES;
				CLANG_WARN_NON_LITERAL_NULL_CONVERSION = YES;
				CLANG_WARN_OBJC_IMPLICIT_RETAIN_SELF = YES;
				CLANG_WARN_OBJC_LITERAL_CONVERSION = YES;
				CLANG_WARN_OBJC_ROOT_CLASS = YES_ERROR;
				CLANG_WARN_QUOTED_INCLUDE_IN_FRAMEWORK_HEADER = YES;
				CLANG_WARN_RANGE_LOOP_ANALYSIS = YES;
				CLANG_WARN_STRICT_PROTOTYPES = YES;
				CLANG_WARN_SUSPICIOUS_MOVE = YES;
				CLANG_WARN_UNGUARDED_AVAILABILITY = YES_AGGRESSIVE;
				CLANG_WARN_UNREACHABLE_CODE = YES;
				CLANG_WARN__DUPLICATE_METHOD_MATCH = YES;
				COPY_PHASE_STRIP = NO;
				DEBUG_INFORMATION_FORMAT = "dwarf-with-dsym";
				ENABLE_NS_ASSERTIONS = NO;
				ENABLE_STRICT_OBJC_MSGSEND = YES;
				GCC_C_LANGUAGE_STANDARD = gnu11;
				GCC_NO_COMMON_BLOCKS = YES;
				GCC_WARN_64_TO_32_BIT_CONVERSION = YES;
				GCC_WARN_ABOUT_RETURN_TYPE = YES_ERROR;
				GCC_WARN_UNDECLARED_SELECTOR = YES;
				GCC_WARN_UNINITIALIZED_AUTOS = YES_AGGRESSIVE;
				GCC_WARN_UNUSED_FUNCTION = YES;
				GCC_WARN_UNUSED_VARIABLE = YES;
				IPHONEOS_DEPLOYMENT_TARGET = 13.5;
				MTL_ENABLE_DEBUG_INFO = NO;
				MTL_FAST_MATH = YES;
				SDKROOT = iphoneos;
				SWIFT_COMPILATION_MODE = wholemodule;
				SWIFT_OPTIMIZATION_LEVEL = "-O";
				VALIDATE_PRODUCT = YES;
			};
			name = Release;
		};
		3F43517B24A8C0D10029F1E5 /* Debug */ = {
			isa = XCBuildConfiguration;
			buildSettings = {
				ASSETCATALOG_COMPILER_APPICON_NAME = AppIcon;
				CODE_SIGN_STYLE = Automatic;
				DEVELOPMENT_ASSET_PATHS = "\"SpaceX/Preview Content\"";
				ENABLE_PREVIEWS = YES;
				INFOPLIST_FILE = SpaceX/Info.plist;
				LD_RUNPATH_SEARCH_PATHS = (
					"$(inherited)",
					"@executable_path/Frameworks",
				);
				PRODUCT_BUNDLE_IDENTIFIER = com.mokagio.SpaceX;
				PRODUCT_NAME = "$(TARGET_NAME)";
				SWIFT_VERSION = 5.0;
				TARGETED_DEVICE_FAMILY = "1,2";
			};
			name = Debug;
		};
		3F43517C24A8C0D10029F1E5 /* Release */ = {
			isa = XCBuildConfiguration;
			buildSettings = {
				ASSETCATALOG_COMPILER_APPICON_NAME = AppIcon;
				CODE_SIGN_STYLE = Automatic;
				DEVELOPMENT_ASSET_PATHS = "\"SpaceX/Preview Content\"";
				ENABLE_PREVIEWS = YES;
				INFOPLIST_FILE = SpaceX/Info.plist;
				LD_RUNPATH_SEARCH_PATHS = (
					"$(inherited)",
					"@executable_path/Frameworks",
				);
				PRODUCT_BUNDLE_IDENTIFIER = com.mokagio.SpaceX;
				PRODUCT_NAME = "$(TARGET_NAME)";
				SWIFT_VERSION = 5.0;
				TARGETED_DEVICE_FAMILY = "1,2";
			};
			name = Release;
		};
		3FA1FAD324AC08A9000125D9 /* Debug */ = {
			isa = XCBuildConfiguration;
			buildSettings = {
				BUNDLE_LOADER = "$(TEST_HOST)";
				CLANG_WARN_QUOTED_INCLUDE_IN_FRAMEWORK_HEADER = YES;
				CODE_SIGN_STYLE = Automatic;
				INFOPLIST_FILE = SpaceXTests/Info.plist;
				IPHONEOS_DEPLOYMENT_TARGET = 14.0;
				LD_RUNPATH_SEARCH_PATHS = (
					"$(inherited)",
					"@executable_path/Frameworks",
					"@loader_path/Frameworks",
				);
				PRODUCT_BUNDLE_IDENTIFIER = com.mokagio.SpaceXTests;
				PRODUCT_NAME = "$(TARGET_NAME)";
				SWIFT_VERSION = 5.0;
				TARGETED_DEVICE_FAMILY = "1,2";
				TEST_HOST = "$(BUILT_PRODUCTS_DIR)/SpaceX.app/SpaceX";
			};
			name = Debug;
		};
		3FA1FAD424AC08A9000125D9 /* Release */ = {
			isa = XCBuildConfiguration;
			buildSettings = {
				BUNDLE_LOADER = "$(TEST_HOST)";
				CLANG_WARN_QUOTED_INCLUDE_IN_FRAMEWORK_HEADER = YES;
				CODE_SIGN_STYLE = Automatic;
				INFOPLIST_FILE = SpaceXTests/Info.plist;
				IPHONEOS_DEPLOYMENT_TARGET = 14.0;
				LD_RUNPATH_SEARCH_PATHS = (
					"$(inherited)",
					"@executable_path/Frameworks",
					"@loader_path/Frameworks",
				);
				PRODUCT_BUNDLE_IDENTIFIER = com.mokagio.SpaceXTests;
				PRODUCT_NAME = "$(TARGET_NAME)";
				SWIFT_VERSION = 5.0;
				TARGETED_DEVICE_FAMILY = "1,2";
				TEST_HOST = "$(BUILT_PRODUCTS_DIR)/SpaceX.app/SpaceX";
			};
			name = Release;
		};
/* End XCBuildConfiguration section */

/* Begin XCConfigurationList section */
		3F43515624A8C0CE0029F1E5 /* Build configuration list for PBXProject "SpaceX" */ = {
			isa = XCConfigurationList;
			buildConfigurations = (
				3F43517824A8C0D10029F1E5 /* Debug */,
				3F43517924A8C0D10029F1E5 /* Release */,
			);
			defaultConfigurationIsVisible = 0;
			defaultConfigurationName = Release;
		};
		3F43517A24A8C0D10029F1E5 /* Build configuration list for PBXNativeTarget "SpaceX" */ = {
			isa = XCConfigurationList;
			buildConfigurations = (
				3F43517B24A8C0D10029F1E5 /* Debug */,
				3F43517C24A8C0D10029F1E5 /* Release */,
			);
			defaultConfigurationIsVisible = 0;
			defaultConfigurationName = Release;
		};
		3FA1FAD224AC08A9000125D9 /* Build configuration list for PBXNativeTarget "SpaceXTests" */ = {
			isa = XCConfigurationList;
			buildConfigurations = (
				3FA1FAD324AC08A9000125D9 /* Debug */,
				3FA1FAD424AC08A9000125D9 /* Release */,
			);
			defaultConfigurationIsVisible = 0;
			defaultConfigurationName = Release;
		};
/* End XCConfigurationList section */
	};
	rootObject = 3F43515324A8C0CE0029F1E5 /* Project object */;
}
